
Microsoft Visual Studio Solution File, Format Version 12.00
# Visual Studio 15
VisualStudioVersion = 15.0.27428.2002
MinimumVisualStudioVersion = 10.0.40219.1
Project("{8BC9CEB8-8B4A-11D0-8D11-00A0C91BC942}") = "算法与数据结构", "算法与数据结构\算法与数据结构.vcxproj", "{EE34E2AD-9B05-43DE-BE0A-D6926EA23EAA}"
EndProject
Global
	GlobalSection(SolutionConfigurationPlatforms) = preSolution
		Debug|x64 = Debug|x64
		Debug|x86 = Debug|x86
		Release|x64 = Release|x64
		Release|x86 = Release|x86
	EndGlobalSection
	GlobalSection(ProjectConfigurationPlatforms) = postSolution
		{EE34E2AD-9B05-43DE-BE0A-D6926EA23EAA}.Debug|x64.ActiveCfg = Debug|x64
		{EE34E2AD-9B05-43DE-BE0A-D6926EA23EAA}.Debug|x64.Build.0 = Debug|x64
		{EE34E2AD-9B05-43DE-BE0A-D6926EA23EAA}.Debug|x86.ActiveCfg = Debug|Win32
		{EE34E2AD-9B05-43DE-BE0A-D6926EA23EAA}.Debug|x86.Build.0 = Debug|Win32
		{EE34E2AD-9B05-43DE-BE0A-D6926EA23EAA}.Release|x64.ActiveCfg = Release|x64
		{EE34E2AD-9B05-43DE-BE0A-D6926EA23EAA}.Release|x64.Build.0 = Release|x64
		{EE34E2AD-9B05-43DE-BE0A-D6926EA23EAA}.Release|x86.ActiveCfg = Release|Win32
		{EE34E2AD-9B05-43DE-BE0A-D6926EA23EAA}.Release|x86.Build.0 = Release|Win32
	EndGlobalSection
	GlobalSection(SolutionProperties) = preSolution
		HideSolutionNode = FALSE
	EndGlobalSection
	GlobalSection(ExtensibilityGlobals) = postSolution
		SolutionGuid = {2C58181D-D2F2-4D82-BD00-28841427D5D6}
	EndGlobalSection
EndGlobal
